
Microsoft Visual Studio Solution File, Format Version 12.00
# Visual Studio Version 17
VisualStudioVersion = 17.5.002.0
MinimumVisualStudioVersion = 10.0.40219.1
Project("{9A19103F-16F7-4668-BE54-9A1E7A4F7556}") = "SimCoSDK", "SimCoSDK.csproj", "{34288B5B-52ED-41B5-A073-1CB5F38EE940}"
EndProject
Global
	GlobalSection(SolutionConfigurationPlatforms) = preSolution
		Debug|Any CPU = Debug|Any CPU
		Release|Any CPU = Release|Any CPU
	EndGlobalSection
	GlobalSection(ProjectConfigurationPlatforms) = postSolution
		{34288B5B-52ED-41B5-A073-1CB5F38EE940}.Debug|Any CPU.ActiveCfg = Debug|Any CPU
		{34288B5B-52ED-41B5-A073-1CB5F38EE940}.Debug|Any CPU.Build.0 = Debug|Any CPU
		{34288B5B-52ED-41B5-A073-1CB5F38EE940}.Release|Any CPU.ActiveCfg = Release|Any CPU
		{34288B5B-52ED-41B5-A073-1CB5F38EE940}.Release|Any CPU.Build.0 = Release|Any CPU
	EndGlobalSection
	GlobalSection(SolutionProperties) = preSolution
		HideSolutionNode = FALSE
	EndGlobalSection
	GlobalSection(ExtensibilityGlobals) = postSolution
		SolutionGuid = {9F0A7F17-70E6-4307-A70E-F601D47863EF}
	EndGlobalSection
EndGlobal
